
Microsoft Visual Studio Solution File, Format Version 12.00
# Visual Studio Version 17
VisualStudioVersion = 17.3.32922.545
MinimumVisualStudioVersion = 10.0.40219.1
Project("{FAE04EC0-301F-11D3-BF4B-00C04F79EFBC}") = "StokKontrol", "StokKontrol\StokKontrol.csproj", "{BC820609-A09B-4826-83FF-27206F9540FF}"
EndProject
Global
	GlobalSection(SolutionConfigurationPlatforms) = preSolution
		Debug|Any CPU = Debug|Any CPU
		Release|Any CPU = Release|Any CPU
	EndGlobalSection
	GlobalSection(ProjectConfigurationPlatforms) = postSolution
		{BC820609-A09B-4826-83FF-27206F9540FF}.Debug|Any CPU.ActiveCfg = Debug|Any CPU
		{BC820609-A09B-4826-83FF-27206F9540FF}.Debug|Any CPU.Build.0 = Debug|Any CPU
		{BC820609-A09B-4826-83FF-27206F9540FF}.Release|Any CPU.ActiveCfg = Release|Any CPU
		{BC820609-A09B-4826-83FF-27206F9540FF}.Release|Any CPU.Build.0 = Release|Any CPU
	EndGlobalSection
	GlobalSection(SolutionProperties) = preSolution
		HideSolutionNode = FALSE
	EndGlobalSection
	GlobalSection(ExtensibilityGlobals) = postSolution
		SolutionGuid = {F29DE2DD-148D-4912-AD1F-655F0E8C5E08}
	EndGlobalSection
EndGlobal
